
Microsoft Visual Studio Solution File, Format Version 12.00
# Visual Studio 15
VisualStudioVersion = 15.0.27004.2010
MinimumVisualStudioVersion = 10.0.40219.1
Project("{FAE04EC0-301F-11D3-BF4B-00C04F79EFBC}") = "ConfigurationExample", "ConfigurationExample\ConfigurationExample.csproj", "{F47DF3AC-BF42-49D0-9854-B3276B6666A7}"
EndProject
Global
	GlobalSection(SolutionConfigurationPlatforms) = preSolution
		Debug|Any CPU = Debug|Any CPU
		Release|Any CPU = Release|Any CPU
	EndGlobalSection
	GlobalSection(ProjectConfigurationPlatforms) = postSolution
		{F47DF3AC-BF42-49D0-9854-B3276B6666A7}.Debug|Any CPU.ActiveCfg = Debug|Any CPU
		{F47DF3AC-BF42-49D0-9854-B3276B6666A7}.Debug|Any CPU.Build.0 = Debug|Any CPU
		{F47DF3AC-BF42-49D0-9854-B3276B6666A7}.Release|Any CPU.ActiveCfg = Release|Any CPU
		{F47DF3AC-BF42-49D0-9854-B3276B6666A7}.Release|Any CPU.Build.0 = Release|Any CPU
	EndGlobalSection
	GlobalSection(SolutionProperties) = preSolution
		HideSolutionNode = FALSE
	EndGlobalSection
	GlobalSection(ExtensibilityGlobals) = postSolution
		SolutionGuid = {CD9299ED-D248-42C6-9A7A-742A8A90376D}
	EndGlobalSection
EndGlobal
